
Microsoft Visual Studio Solution File, Format Version 12.00
# Visual Studio 15
VisualStudioVersion = 15.0.28307.489
MinimumVisualStudioVersion = 10.0.40219.1
Project("{FAE04EC0-301F-11D3-BF4B-00C04F79EFBC}") = "ConsoleApp2", "ConsoleApp2\ConsoleApp2.csproj", "{27FE82EE-09CC-429F-92AD-FDAC4978FCBF}"
EndProject
Global
	GlobalSection(SolutionConfigurationPlatforms) = preSolution
		Debug|Any CPU = Debug|Any CPU
		Release|Any CPU = Release|Any CPU
	EndGlobalSection
	GlobalSection(ProjectConfigurationPlatforms) = postSolution
		{27FE82EE-09CC-429F-92AD-FDAC4978FCBF}.Debug|Any CPU.ActiveCfg = Debug|Any CPU
		{27FE82EE-09CC-429F-92AD-FDAC4978FCBF}.Debug|Any CPU.Build.0 = Debug|Any CPU
		{27FE82EE-09CC-429F-92AD-FDAC4978FCBF}.Release|Any CPU.ActiveCfg = Release|Any CPU
		{27FE82EE-09CC-429F-92AD-FDAC4978FCBF}.Release|Any CPU.Build.0 = Release|Any CPU
	EndGlobalSection
	GlobalSection(SolutionProperties) = preSolution
		HideSolutionNode = FALSE
	EndGlobalSection
	GlobalSection(ExtensibilityGlobals) = postSolution
		SolutionGuid = {699964E9-000C-47F1-B49F-B13F2F54326E}
	EndGlobalSection
EndGlobal
